
Microsoft Visual Studio Solution File, Format Version 12.00
# Visual Studio 14
VisualStudioVersion = 14.0.25420.1
MinimumVisualStudioVersion = 10.0.40219.1
Project("{2150E333-8FDC-42A3-9474-1A3956D46DE8}") = "Learn0", "Learn0", "{5B476229-44BB-4EA2-8C5A-954D0FDF3624}"
EndProject
Project("{FAE04EC0-301F-11D3-BF4B-00C04F79EFBC}") = "EntityFrameworkLearn", "EntityFrameworkLearn\EntityFrameworkLearn.csproj", "{2F2A3B00-5BA2-4C4B-9AB5-2F5FFCF8BB3A}"
EndProject
Project("{FAE04EC0-301F-11D3-BF4B-00C04F79EFBC}") = "Kengic.Was.Domain.Model.KjrobotInterfaceModel", "EntityFrameworkLearn\KjrobotInterface\Kengic.Was.Domain.Model.KjrobotInterfaceModel.csproj", "{8636D19C-A272-4122-ACE2-2E7980B4F4D1}"
EndProject
Project("{FAE04EC0-301F-11D3-BF4B-00C04F79EFBC}") = "Kengic.Was.Domain.Model.SntonInterface", "EntityFrameworkLearn\DatabaseInterface\Kengic.Was.Domain.Model.SntonInterface.csproj", "{6F0448F6-D8E7-4456-AF28-50A7475BCC07}"
EndProject
Project("{2150E333-8FDC-42A3-9474-1A3956D46DE8}") = "Contract", "Contract", "{997D1E58-3867-4CDC-8B9E-0E56B2E7901B}"
EndProject
Project("{FAE04EC0-301F-11D3-BF4B-00C04F79EFBC}") = "Kengic.Was.Domain.Entity.SntonInterface", "EntityFrameworkLearn\SntonInterface_Contract\Kengic.Was.Domain.Entity.SntonInterface.csproj", "{7542DCC7-9559-40AF-9EAB-888F38DDB913}"
EndProject
Project("{2150E333-8FDC-42A3-9474-1A3956D46DE8}") = "Implements", "Implements", "{9A197D3D-E31B-4054-AF8C-A97EBD139613}"
EndProject
Project("{FAE04EC0-301F-11D3-BF4B-00C04F79EFBC}") = "Kengic.Was.Domain.SntonInterface", "EntityFrameworkLearn\SntonInterface\Kengic.Was.Domain.SntonInterface.csproj", "{51AB06AA-8956-4D2A-9575-054FA36862ED}"
EndProject
Project("{FAE04EC0-301F-11D3-BF4B-00C04F79EFBC}") = "Kengic.Was.Domain.Entity.Common", "EntityFrameworkLearn\Contracts\Kengic.Was.Domain.Entity.Common\Kengic.Was.Domain.Entity.Common.csproj", "{2D4E3E44-BC2E-478E-99C3-D8166E4BE049}"
EndProject
Project("{FAE04EC0-301F-11D3-BF4B-00C04F79EFBC}") = "Kengic.Was.Domain.Common", "EntityFrameworkLearn\Implements\Kengic.Was.Domain.Common\Kengic.Was.Domain.Common.csproj", "{2B4A7623-C470-4137-8A28-E69F58000A37}"
EndProject
Project("{2150E333-8FDC-42A3-9474-1A3956D46DE8}") = "Model", "Model", "{B4E476C0-42CC-4334-940B-7371722ED4E1}"
EndProject
Project("{FAE04EC0-301F-11D3-BF4B-00C04F79EFBC}") = "Kengic.Was.Domain.DatabaseInterface", "EntityFrameworkLearn\Model\Kengic.Was.Domain.DatabaseInterface\Kengic.Was.Domain.DatabaseInterface.csproj", "{ECD62CB7-6FA7-4F74-ACEF-2239E736D88B}"
EndProject
Project("{2150E333-8FDC-42A3-9474-1A3956D46DE8}") = "NewFolder1", "NewFolder1", "{DB3AA13E-CAD4-4203-9E95-F7CA320D7483}"
EndProject
Project("{2150E333-8FDC-42A3-9474-1A3956D46DE8}") = "DbFirstLearn", "DbFirstLearn", "{BC0C5D77-DB89-4942-9347-B54D8671AA7F}"
EndProject
Project("{FAE04EC0-301F-11D3-BF4B-00C04F79EFBC}") = "DbFirstLearn.Test", "DbFirstLearn.Test\DbFirstLearn.Test.csproj", "{AC4E7CEC-FC2C-4191-ADA2-C8738D4F2739}"
EndProject
Project("{2150E333-8FDC-42A3-9474-1A3956D46DE8}") = "ModelFiirstLearn", "ModelFiirstLearn", "{60410245-479B-4853-8CEB-6B3C18743EC6}"
EndProject
Project("{2150E333-8FDC-42A3-9474-1A3956D46DE8}") = "CodeFirstLearn", "CodeFirstLearn", "{C3791A9C-072F-4488-A7D7-1DE97AE4F1BE}"
EndProject
Project("{FAE04EC0-301F-11D3-BF4B-00C04F79EFBC}") = "CodeFirstLearn.Domain", "CodeFirstLearn.Domain\CodeFirstLearn.Domain.csproj", "{DD9F6259-7C60-4549-AC8B-EE0B7A7B94CC}"
EndProject
Global
	GlobalSection(SolutionConfigurationPlatforms) = preSolution
		Debug|Any CPU = Debug|Any CPU
		Release|Any CPU = Release|Any CPU
	EndGlobalSection
	GlobalSection(ProjectConfigurationPlatforms) = postSolution
		{2F2A3B00-5BA2-4C4B-9AB5-2F5FFCF8BB3A}.Debug|Any CPU.ActiveCfg = Debug|Any CPU
		{2F2A3B00-5BA2-4C4B-9AB5-2F5FFCF8BB3A}.Debug|Any CPU.Build.0 = Debug|Any CPU
		{2F2A3B00-5BA2-4C4B-9AB5-2F5FFCF8BB3A}.Release|Any CPU.ActiveCfg = Release|Any CPU
		{2F2A3B00-5BA2-4C4B-9AB5-2F5FFCF8BB3A}.Release|Any CPU.Build.0 = Release|Any CPU
		{8636D19C-A272-4122-ACE2-2E7980B4F4D1}.Debug|Any CPU.ActiveCfg = Debug|Any CPU
		{8636D19C-A272-4122-ACE2-2E7980B4F4D1}.Debug|Any CPU.Build.0 = Debug|Any CPU
		{8636D19C-A272-4122-ACE2-2E7980B4F4D1}.Release|Any CPU.ActiveCfg = Release|Any CPU
		{8636D19C-A272-4122-ACE2-2E7980B4F4D1}.Release|Any CPU.Build.0 = Release|Any CPU
		{6F0448F6-D8E7-4456-AF28-50A7475BCC07}.Debug|Any CPU.ActiveCfg = Debug|Any CPU
		{6F0448F6-D8E7-4456-AF28-50A7475BCC07}.Debug|Any CPU.Build.0 = Debug|Any CPU
		{6F0448F6-D8E7-4456-AF28-50A7475BCC07}.Release|Any CPU.ActiveCfg = Release|Any CPU
		{6F0448F6-D8E7-4456-AF28-50A7475BCC07}.Release|Any CPU.Build.0 = Release|Any CPU
		{7542DCC7-9559-40AF-9EAB-888F38DDB913}.Debug|Any CPU.ActiveCfg = Debug|Any CPU
		{7542DCC7-9559-40AF-9EAB-888F38DDB913}.Debug|Any CPU.Build.0 = Debug|Any CPU
		{7542DCC7-9559-40AF-9EAB-888F38DDB913}.Release|Any CPU.ActiveCfg = Release|Any CPU
		{7542DCC7-9559-40AF-9EAB-888F38DDB913}.Release|Any CPU.Build.0 = Release|Any CPU
		{51AB06AA-8956-4D2A-9575-054FA36862ED}.Debug|Any CPU.ActiveCfg = Debug|Any CPU
		{51AB06AA-8956-4D2A-9575-054FA36862ED}.Debug|Any CPU.Build.0 = Debug|Any CPU
		{51AB06AA-8956-4D2A-9575-054FA36862ED}.Release|Any CPU.ActiveCfg = Release|Any CPU
		{51AB06AA-8956-4D2A-9575-054FA36862ED}.Release|Any CPU.Build.0 = Release|Any CPU
		{2D4E3E44-BC2E-478E-99C3-D8166E4BE049}.Debug|Any CPU.ActiveCfg = Debug|Any CPU
		{2D4E3E44-BC2E-478E-99C3-D8166E4BE049}.Debug|Any CPU.Build.0 = Debug|Any CPU
		{2D4E3E44-BC2E-478E-99C3-D8166E4BE049}.Release|Any CPU.ActiveCfg = Release|Any CPU
		{2D4E3E44-BC2E-478E-99C3-D8166E4BE049}.Release|Any CPU.Build.0 = Release|Any CPU
		{2B4A7623-C470-4137-8A28-E69F58000A37}.Debug|Any CPU.ActiveCfg = Debug|Any CPU
		{2B4A7623-C470-4137-8A28-E69F58000A37}.Debug|Any CPU.Build.0 = Debug|Any CPU
		{2B4A7623-C470-4137-8A28-E69F58000A37}.Release|Any CPU.ActiveCfg = Release|Any CPU
		{2B4A7623-C470-4137-8A28-E69F58000A37}.Release|Any CPU.Build.0 = Release|Any CPU
		{ECD62CB7-6FA7-4F74-ACEF-2239E736D88B}.Debug|Any CPU.ActiveCfg = Debug|Any CPU
		{ECD62CB7-6FA7-4F74-ACEF-2239E736D88B}.Debug|Any CPU.Build.0 = Debug|Any CPU
		{ECD62CB7-6FA7-4F74-ACEF-2239E736D88B}.Release|Any CPU.ActiveCfg = Release|Any CPU
		{ECD62CB7-6FA7-4F74-ACEF-2239E736D88B}.Release|Any CPU.Build.0 = Release|Any CPU
		{AC4E7CEC-FC2C-4191-ADA2-C8738D4F2739}.Debug|Any CPU.ActiveCfg = Debug|Any CPU
		{AC4E7CEC-FC2C-4191-ADA2-C8738D4F2739}.Debug|Any CPU.Build.0 = Debug|Any CPU
		{AC4E7CEC-FC2C-4191-ADA2-C8738D4F2739}.Release|Any CPU.ActiveCfg = Release|Any CPU
		{AC4E7CEC-FC2C-4191-ADA2-C8738D4F2739}.Release|Any CPU.Build.0 = Release|Any CPU
		{DD9F6259-7C60-4549-AC8B-EE0B7A7B94CC}.Debug|Any CPU.ActiveCfg = Debug|Any CPU
		{DD9F6259-7C60-4549-AC8B-EE0B7A7B94CC}.Debug|Any CPU.Build.0 = Debug|Any CPU
		{DD9F6259-7C60-4549-AC8B-EE0B7A7B94CC}.Release|Any CPU.ActiveCfg = Release|Any CPU
		{DD9F6259-7C60-4549-AC8B-EE0B7A7B94CC}.Release|Any CPU.Build.0 = Release|Any CPU
	EndGlobalSection
	GlobalSection(SolutionProperties) = preSolution
		HideSolutionNode = FALSE
	EndGlobalSection
	GlobalSection(NestedProjects) = preSolution
		{2F2A3B00-5BA2-4C4B-9AB5-2F5FFCF8BB3A} = {5B476229-44BB-4EA2-8C5A-954D0FDF3624}
		{8636D19C-A272-4122-ACE2-2E7980B4F4D1} = {B4E476C0-42CC-4334-940B-7371722ED4E1}
		{6F0448F6-D8E7-4456-AF28-50A7475BCC07} = {B4E476C0-42CC-4334-940B-7371722ED4E1}
		{997D1E58-3867-4CDC-8B9E-0E56B2E7901B} = {5B476229-44BB-4EA2-8C5A-954D0FDF3624}
		{7542DCC7-9559-40AF-9EAB-888F38DDB913} = {997D1E58-3867-4CDC-8B9E-0E56B2E7901B}
		{9A197D3D-E31B-4054-AF8C-A97EBD139613} = {5B476229-44BB-4EA2-8C5A-954D0FDF3624}
		{51AB06AA-8956-4D2A-9575-054FA36862ED} = {9A197D3D-E31B-4054-AF8C-A97EBD139613}
		{2D4E3E44-BC2E-478E-99C3-D8166E4BE049} = {997D1E58-3867-4CDC-8B9E-0E56B2E7901B}
		{2B4A7623-C470-4137-8A28-E69F58000A37} = {9A197D3D-E31B-4054-AF8C-A97EBD139613}
		{B4E476C0-42CC-4334-940B-7371722ED4E1} = {5B476229-44BB-4EA2-8C5A-954D0FDF3624}
		{ECD62CB7-6FA7-4F74-ACEF-2239E736D88B} = {B4E476C0-42CC-4334-940B-7371722ED4E1}
		{DB3AA13E-CAD4-4203-9E95-F7CA320D7483} = {5B476229-44BB-4EA2-8C5A-954D0FDF3624}
		{AC4E7CEC-FC2C-4191-ADA2-C8738D4F2739} = {BC0C5D77-DB89-4942-9347-B54D8671AA7F}
		{DD9F6259-7C60-4549-AC8B-EE0B7A7B94CC} = {C3791A9C-072F-4488-A7D7-1DE97AE4F1BE}
	EndGlobalSection
EndGlobal
